// !$*UTF8*$!
{
	archiveVersion = 1;
	classes = {
	};
	objectVersion = 46;
	objects = {

/* Begin PBXBuildFile section */
		14D888C51A62DB4E003FEC11 /* CJSONDeserializer.m in Sources */ = {isa = PBXBuildFile; fileRef = 14D888BF1A62DB4E003FEC11 /* CJSONDeserializer.m */; };
		14D888C61A62DB4E003FEC11 /* CJSONSerializer.m in Sources */ = {isa = PBXBuildFile; fileRef = 14D888C11A62DB4E003FEC11 /* CJSONSerializer.m */; };
		14D888C71A62DB4E003FEC11 /* NSDictionary_JSONExtensions.m in Sources */ = {isa = PBXBuildFile; fileRef = 14D888C41A62DB4E003FEC11 /* NSDictionary_JSONExtensions.m */; };
		14D888CD1A62FDE6003FEC11 /* loading.png in Resources */ = {isa = PBXBuildFile; fileRef = 14D888CB1A62FDE6003FEC11 /* loading.png */; };
		14D888CE1A62FDE6003FEC11 /* noimage.png in Resources */ = {isa = PBXBuildFile; fileRef = 14D888CC1A62FDE6003FEC11 /* noimage.png */; };
		14D888D11A64574F003FEC11 /* ImageDownloader.m in Sources */ = {isa = PBXBuildFile; fileRef = 14D888D01A64574F003FEC11 /* ImageDownloader.m */; };
		14F38EBA1A5BC80B00562A21 /* main.m in Sources */ = {isa = PBXBuildFile; fileRef = 14F38EB91A5BC80B00562A21 /* main.m */; };
		14F38EBD1A5BC80B00562A21 /* AppDelegate.m in Sources */ = {isa = PBXBuildFile; fileRef = 14F38EBC1A5BC80B00562A21 /* AppDelegate.m */; };
		14F38ED41A5BC80B00562A21 /* IOSProficiencyTests.m in Sources */ = {isa = PBXBuildFile; fileRef = 14F38ED31A5BC80B00562A21 /* IOSProficiencyTests.m */; };
/* End PBXBuildFile section */

/* Begin PBXContainerItemProxy section */
		14F38ECE1A5BC80B00562A21 /* PBXContainerItemProxy */ = {
			isa = PBXContainerItemProxy;
			containerPortal = 14F38EAC1A5BC80B00562A21 /* Project object */;
			proxyType = 1;
			remoteGlobalIDString = 14F38EB31A5BC80B00562A21;
			remoteInfo = IOSProficiency;
		};
/* End PBXContainerItemProxy section */

/* Begin PBXFileReference section */
		14D888BE1A62DB4E003FEC11 /* CJSONDeserializer.h */ = {isa = PBXFileReference; fileEncoding = 4; lastKnownFileType = sourcecode.c.h; path = CJSONDeserializer.h; sourceTree = "<group>"; };
		14D888BF1A62DB4E003FEC11 /* CJSONDeserializer.m */ = {isa = PBXFileReference; fileEncoding = 4; lastKnownFileType = sourcecode.c.objc; path = CJSONDeserializer.m; sourceTree = "<group>"; };
		14D888C01A62DB4E003FEC11 /* CJSONSerializer.h */ = {isa = PBXFileReference; fileEncoding = 4; lastKnownFileType = sourcecode.c.h; path = CJSONSerializer.h; sourceTree = "<group>"; };
		14D888C11A62DB4E003FEC11 /* CJSONSerializer.m */ = {isa = PBXFileReference; fileEncoding = 4; lastKnownFileType = sourcecode.c.objc; path = CJSONSerializer.m; sourceTree = "<group>"; };
		14D888C21A62DB4E003FEC11 /* JSONRepresentation.h */ = {isa = PBXFileReference; fileEncoding = 4; lastKnownFileType = sourcecode.c.h; path = JSONRepresentation.h; sourceTree = "<group>"; };
		14D888C31A62DB4E003FEC11 /* NSDictionary_JSONExtensions.h */ = {isa = PBXFileReference; fileEncoding = 4; lastKnownFileType = sourcecode.c.h; path = NSDictionary_JSONExtensions.h; sourceTree = "<group>"; };
		14D888C41A62DB4E003FEC11 /* NSDictionary_JSONExtensions.m */ = {isa = PBXFileReference; fileEncoding = 4; lastKnownFileType = sourcecode.c.objc; path = NSDictionary_JSONExtensions.m; sourceTree = "<group>"; };
		14D888CB1A62FDE6003FEC11 /* loading.png */ = {isa = PBXFileReference; lastKnownFileType = image.png; path = loading.png; sourceTree = "<group>"; };
		14D888CC1A62FDE6003FEC11 /* noimage.png */ = {isa = PBXFileReference; lastKnownFileType = image.png; path = noimage.png; sourceTree = "<group>"; };
		14D888CF1A64574F003FEC11 /* ImageDownloader.h */ = {isa = PBXFileReference; fileEncoding = 4; lastKnownFileType = sourcecode.c.h; path = ImageDownloader.h; sourceTree = "<group>"; };
		14D888D01A64574F003FEC11 /* ImageDownloader.m */ = {isa = PBXFileReference; fileEncoding = 4; lastKnownFileType = sourcecode.c.objc; path = ImageDownloader.m; sourceTree = "<group>"; };
		14F38EB41A5BC80B00562A21 /* IOSProficiency.app */ = {isa = PBXFileReference; explicitFileType = wrapper.application; includeInIndex = 0; path = IOSProficiency.app; sourceTree = BUILT_PRODUCTS_DIR; };
		14F38EB81A5BC80B00562A21 /* Info.plist */ = {isa = PBXFileReference; lastKnownFileType = text.plist.xml; path = Info.plist; sourceTree = "<group>"; };
		14F38EB91A5BC80B00562A21 /* main.m */ = {isa = PBXFileReference; lastKnownFileType = sourcecode.c.objc; path = main.m; sourceTree = "<group>"; };
		14F38EBB1A5BC80B00562A21 /* AppDelegate.h */ = {isa = PBXFileReference; lastKnownFileType = sourcecode.c.h; path = AppDelegate.h; sourceTree = "<group>"; };
		14F38EBC1A5BC80B00562A21 /* AppDelegate.m */ = {isa = PBXFileReference; lastKnownFileType = sourcecode.c.objc; path = AppDelegate.m; sourceTree = "<group>"; };
		14F38ECD1A5BC80B00562A21 /* IOSProficiencyTests.xctest */ = {isa = PBXFileReference; explicitFileType = wrapper.cfbundle; includeInIndex = 0; path = IOSProficiencyTests.xctest; sourceTree = BUILT_PRODUCTS_DIR; };
		14F38ED21A5BC80B00562A21 /* Info.plist */ = {isa = PBXFileReference; lastKnownFileType = text.plist.xml; path = Info.plist; sourceTree = "<group>"; };
		14F38ED31A5BC80B00562A21 /* IOSProficiencyTests.m */ = {isa = PBXFileReference; lastKnownFileType = sourcecode.c.objc; path = IOSProficiencyTests.m; sourceTree = "<group>"; };
/* End PBXFileReference section */

/* Begin PBXFrameworksBuildPhase section */
		14F38EB11A5BC80B00562A21 /* Frameworks */ = {
			isa = PBXFrameworksBuildPhase;
			buildActionMask = 2147483647;
			files = (
			);
			runOnlyForDeploymentPostprocessing = 0;
		};
		14F38ECA1A5BC80B00562A21 /* Frameworks */ = {
			isa = PBXFrameworksBuildPhase;
			buildActionMask = 2147483647;
			files = (
			);
			runOnlyForDeploymentPostprocessing = 0;
		};
/* End PBXFrameworksBuildPhase section */

/* Begin PBXGroup section */
		14D888BD1A62DB4E003FEC11 /* Source */ = {
			isa = PBXGroup;
			children = (
				14D888BE1A62DB4E003FEC11 /* CJSONDeserializer.h */,
				14D888BF1A62DB4E003FEC11 /* CJSONDeserializer.m */,
				14D888C01A62DB4E003FEC11 /* CJSONSerializer.h */,
				14D888C11A62DB4E003FEC11 /* CJSONSerializer.m */,
				14D888C21A62DB4E003FEC11 /* JSONRepresentation.h */,
				14D888C31A62DB4E003FEC11 /* NSDictionary_JSONExtensions.h */,
				14D888C41A62DB4E003FEC11 /* NSDictionary_JSONExtensions.m */,
			);
			path = Source;
			sourceTree = "<group>";
		};
		14F38EAB1A5BC80B00562A21 = {
			isa = PBXGroup;
			children = (
				14D888CF1A64574F003FEC11 /* ImageDownloader.h */,
				14D888D01A64574F003FEC11 /* ImageDownloader.m */,
				14D888CB1A62FDE6003FEC11 /* loading.png */,
				14D888CC1A62FDE6003FEC11 /* noimage.png */,
				14D888BD1A62DB4E003FEC11 /* Source */,
				14F38EB61A5BC80B00562A21 /* IOSProficiency */,
				14F38ED01A5BC80B00562A21 /* IOSProficiencyTests */,
				14F38EB51A5BC80B00562A21 /* Products */,
			);
			sourceTree = "<group>";
		};
		14F38EB51A5BC80B00562A21 /* Products */ = {
			isa = PBXGroup;
			children = (
				14F38EB41A5BC80B00562A21 /* IOSProficiency.app */,
				14F38ECD1A5BC80B00562A21 /* IOSProficiencyTests.xctest */,
			);
			name = Products;
			sourceTree = "<group>";
		};
		14F38EB61A5BC80B00562A21 /* IOSProficiency */ = {
			isa = PBXGroup;
			children = (
				14F38EBB1A5BC80B00562A21 /* AppDelegate.h */,
				14F38EBC1A5BC80B00562A21 /* AppDelegate.m */,
				14F38EB71A5BC80B00562A21 /* Supporting Files */,
			);
			path = IOSProficiency;
			sourceTree = "<group>";
		};
		14F38EB71A5BC80B00562A21 /* Supporting Files */ = {
			isa = PBXGroup;
			children = (
				14F38EB81A5BC80B00562A21 /* Info.plist */,
				14F38EB91A5BC80B00562A21 /* main.m */,
			);
			name = "Supporting Files";
			sourceTree = "<group>";
		};
		14F38ED01A5BC80B00562A21 /* IOSProficiencyTests */ = {
			isa = PBXGroup;
			children = (
				14F38ED31A5BC80B00562A21 /* IOSProficiencyTests.m */,
				14F38ED11A5BC80B00562A21 /* Supporting Files */,
			);
			path = IOSProficiencyTests;
			sourceTree = "<group>";
		};
		14F38ED11A5BC80B00562A21 /* Supporting Files */ = {
			isa = PBXGroup;
			children = (
				14F38ED21A5BC80B00562A21 /* Info.plist */,
			);
			name = "Supporting Files";
			sourceTree = "<group>";
		};
/* End PBXGroup section */

/* Begin PBXNativeTarget section */
		14F38EB31A5BC80B00562A21 /* IOSProficiency */ = {
			isa = PBXNativeTarget;
			buildConfigurationList = 14F38ED71A5BC80B00562A21 /* Build configuration list for PBXNativeTarget "IOSProficiency" */;
			buildPhases = (
				14F38EB01A5BC80B00562A21 /* Sources */,
				14F38EB11A5BC80B00562A21 /* Frameworks */,
				14F38EB21A5BC80B00562A21 /* Resources */,
			);
			buildRules = (
			);
			dependencies = (
			);
			name = IOSProficiency;
			productName = IOSProficiency;
			productReference = 14F38EB41A5BC80B00562A21 /* IOSProficiency.app */;
			productType = "com.apple.product-type.application";
		};
		14F38ECC1A5BC80B00562A21 /* IOSProficiencyTests */ = {
			isa = PBXNativeTarget;
			buildConfigurationList = 14F38EDA1A5BC80B00562A21 /* Build configuration list for PBXNativeTarget "IOSProficiencyTests" */;
			buildPhases = (
				14F38EC91A5BC80B00562A21 /* Sources */,
				14F38ECA1A5BC80B00562A21 /* Frameworks */,
				14F38ECB1A5BC80B00562A21 /* Resources */,
			);
			buildRules = (
			);
			dependencies = (
				14F38ECF1A5BC80B00562A21 /* PBXTargetDependency */,
			);
			name = IOSProficiencyTests;
			productName = IOSProficiencyTests;
			productReference = 14F38ECD1A5BC80B00562A21 /* IOSProficiencyTests.xctest */;
			productType = "com.apple.product-type.bundle.unit-test";
		};
/* End PBXNativeTarget section */

/* Begin PBXProject section */
		14F38EAC1A5BC80B00562A21 /* Project object */ = {
			isa = PBXProject;
			attributes = {
				LastUpgradeCheck = 0600;
				ORGANIZATIONNAME = "Shakir Zareen";
				TargetAttributes = {
					14F38EB31A5BC80B00562A21 = {
						CreatedOnToolsVersion = 6.0.1;
					};
					14F38ECC1A5BC80B00562A21 = {
						CreatedOnToolsVersion = 6.0.1;
						TestTargetID = 14F38EB31A5BC80B00562A21;
					};
				};
			};
			buildConfigurationList = 14F38EAF1A5BC80B00562A21 /* Build configuration list for PBXProject "IOSProficiency" */;
			compatibilityVersion = "Xcode 3.2";
			developmentRegion = English;
			hasScannedForEncodings = 0;
			knownRegions = (
				en,
				Base,
			);
			mainGroup = 14F38EAB1A5BC80B00562A21;
			productRefGroup = 14F38EB51A5BC80B00562A21 /* Products */;
			projectDirPath = "";
			projectRoot = "";
			targets = (
				14F38EB31A5BC80B00562A21 /* IOSProficiency */,
				14F38ECC1A5BC80B00562A21 /* IOSProficiencyTests */,
			);
		};
/* End PBXProject section */

/* Begin PBXResourcesBuildPhase section */
		14F38EB21A5BC80B00562A21 /* Resources */ = {
			isa = PBXResourcesBuildPhase;
			buildActionMask = 2147483647;
			files = (
				14D888CE1A62FDE6003FEC11 /* noimage.png in Resources */,
				14D888CD1A62FDE6003FEC11 /* loading.png in Resources */,
			);
			runOnlyForDeploymentPostprocessing = 0;
		};
		14F38ECB1A5BC80B00562A21 /* Resources */ = {
			isa = PBXResourcesBuildPhase;
			buildActionMask = 2147483647;
			files = (
			);
			runOnlyForDeploymentPostprocessing = 0;
		};
/* End PBXResourcesBuildPhase section */

/* Begin PBXSourcesBuildPhase section */
		14F38EB01A5BC80B00562A21 /* Sources */ = {
			isa = PBXSourcesBuildPhase;
			buildActionMask = 2147483647;
			files = (
				14D888C71A62DB4E003FEC11 /* NSDictionary_JSONExtensions.m in Sources */,
				14D888C51A62DB4E003FEC11 /* CJSONDeserializer.m in Sources */,
				14F38EBD1A5BC80B00562A21 /* AppDelegate.m in Sources */,
				14F38EBA1A5BC80B00562A21 /* main.m in Sources */,
				14D888D11A64574F003FEC11 /* ImageDownloader.m in Sources */,
				14D888C61A62DB4E003FEC11 /* CJSONSerializer.m in Sources */,
			);
			runOnlyForDeploymentPostprocessing = 0;
		};
		14F38EC91A5BC80B00562A21 /* Sources */ = {
			isa = PBXSourcesBuildPhase;
			buildActionMask = 2147483647;
			files = (
				14F38ED41A5BC80B00562A21 /* IOSProficiencyTests.m in Sources */,
			);
			runOnlyForDeploymentPostprocessing = 0;
		};
/* End PBXSourcesBuildPhase section */

/* Begin PBXTargetDependency section */
		14F38ECF1A5BC80B00562A21 /* PBXTargetDependency */ = {
			isa = PBXTargetDependency;
			target = 14F38EB31A5BC80B00562A21 /* IOSProficiency */;
			targetProxy = 14F38ECE1A5BC80B00562A21 /* PBXContainerItemProxy */;
		};
/* End PBXTargetDependency section */

/* Begin XCBuildConfiguration section */
		14F38ED51A5BC80B00562A21 /* Debug */ = {
			isa = XCBuildConfiguration;
			buildSettings = {
				ALWAYS_SEARCH_USER_PATHS = NO;
				CLANG_CXX_LANGUAGE_STANDARD = "gnu++0x";
				CLANG_CXX_LIBRARY = "libc++";
				CLANG_ENABLE_MODULES = YES;
				CLANG_ENABLE_OBJC_ARC = YES;
				CLANG_WARN_BOOL_CONVERSION = YES;
				CLANG_WARN_CONSTANT_CONVERSION = YES;
				CLANG_WARN_DIRECT_OBJC_ISA_USAGE = YES_ERROR;
				CLANG_WARN_EMPTY_BODY = YES;
				CLANG_WARN_ENUM_CONVERSION = YES;
				CLANG_WARN_INT_CONVERSION = YES;
				CLANG_WARN_OBJC_ROOT_CLASS = YES_ERROR;
				CLANG_WARN_UNREACHABLE_CODE = YES;
				CLANG_WARN__DUPLICATE_METHOD_MATCH = YES;
				"CODE_SIGN_IDENTITY[sdk=iphoneos*]" = "iPhone Developer";
				COPY_PHASE_STRIP = NO;
				ENABLE_STRICT_OBJC_MSGSEND = YES;
				GCC_C_LANGUAGE_STANDARD = gnu99;
				GCC_DYNAMIC_NO_PIC = NO;
				GCC_OPTIMIZATION_LEVEL = 0;
				GCC_PREPROCESSOR_DEFINITIONS = (
					"DEBUG=1",
					"$(inherited)",
				);
				GCC_SYMBOLS_PRIVATE_EXTERN = NO;
				GCC_WARN_64_TO_32_BIT_CONVERSION = YES;
				GCC_WARN_ABOUT_RETURN_TYPE = YES_ERROR;
				GCC_WARN_UNDECLARED_SELECTOR = YES;
				GCC_WARN_UNINITIALIZED_AUTOS = YES_AGGRESSIVE;
				GCC_WARN_UNUSED_FUNCTION = YES;
				GCC_WARN_UNUSED_VARIABLE = YES;
				IPHONEOS_DEPLOYMENT_TARGET = 8.0;
				MTL_ENABLE_DEBUG_INFO = YES;
				ONLY_ACTIVE_ARCH = YES;
				SDKROOT = iphoneos;
			};
			name = Debug;
		};
		14F38ED61A5BC80B00562A21 /* Release */ = {
			isa = XCBuildConfiguration;
			buildSettings = {
				ALWAYS_SEARCH_USER_PATHS = NO;
				CLANG_CXX_LANGUAGE_STANDARD = "gnu++0x";
				CLANG_CXX_LIBRARY = "libc++";
				CLANG_ENABLE_MODULES = YES;
				CLANG_ENABLE_OBJC_ARC = YES;
				CLANG_WARN_BOOL_CONVERSION = YES;
				CLANG_WARN_CONSTANT_CONVERSION = YES;
				CLANG_WARN_DIRECT_OBJC_ISA_USAGE = YES_ERROR;
				CLANG_WARN_EMPTY_BODY = YES;
				CLANG_WARN_ENUM_CONVERSION = YES;
				CLANG_WARN_INT_CONVERSION = YES;
				CLANG_WARN_OBJC_ROOT_CLASS = YES_ERROR;
				CLANG_WARN_UNREACHABLE_CODE = YES;
				CLANG_WARN__DUPLICATE_METHOD_MATCH = YES;
				"CODE_SIGN_IDENTITY[sdk=iphoneos*]" = "iPhone Developer";
				COPY_PHASE_STRIP = YES;
				ENABLE_NS_ASSERTIONS = NO;
				ENABLE_STRICT_OBJC_MSGSEND = YES;
				GCC_C_LANGUAGE_STANDARD = gnu99;
				GCC_WARN_64_TO_32_BIT_CONVERSION = YES;
				GCC_WARN_ABOUT_RETURN_TYPE = YES_ERROR;
				GCC_WARN_UNDECLARED_SELECTOR = YES;
				GCC_WARN_UNINITIALIZED_AUTOS = YES_AGGRESSIVE;
				GCC_WARN_UNUSED_FUNCTION = YES;
				GCC_WARN_UNUSED_VARIABLE = YES;
				IPHONEOS_DEPLOYMENT_TARGET = 8.0;
				MTL_ENABLE_DEBUG_INFO = NO;
				SDKROOT = iphoneos;
				VALIDATE_PRODUCT = YES;
			};
			name = Release;
		};
		14F38ED81A5BC80B00562A21 /* Debug */ = {
			isa = XCBuildConfiguration;
			buildSettings = {
				ASSETCATALOG_COMPILER_APPICON_NAME = AppIcon;
				INFOPLIST_FILE = IOSProficiency/Info.plist;
				LD_RUNPATH_SEARCH_PATHS = "$(inherited) @executable_path/Frameworks";
				PRODUCT_NAME = "$(TARGET_NAME)";
			};
			name = Debug;
		};
		14F38ED91A5BC80B00562A21 /* Release */ = {
			isa = XCBuildConfiguration;
			buildSettings = {
				ASSETCATALOG_COMPILER_APPICON_NAME = AppIcon;
				INFOPLIST_FILE = IOSProficiency/Info.plist;
				LD_RUNPATH_SEARCH_PATHS = "$(inherited) @executable_path/Frameworks";
				PRODUCT_NAME = "$(TARGET_NAME)";
			};
			name = Release;
		};
		14F38EDB1A5BC80B00562A21 /* Debug */ = {
			isa = XCBuildConfiguration;
			buildSettings = {
				BUNDLE_LOADER = "$(TEST_HOST)";
				FRAMEWORK_SEARCH_PATHS = (
					"$(SDKROOT)/Developer/Library/Frameworks",
					"$(inherited)",
				);
				GCC_PREPROCESSOR_DEFINITIONS = (
					"DEBUG=1",
					"$(inherited)",
				);
				INFOPLIST_FILE = IOSProficiencyTests/Info.plist;
				LD_RUNPATH_SEARCH_PATHS = "$(inherited) @executable_path/Frameworks @loader_path/Frameworks";
				PRODUCT_NAME = "$(TARGET_NAME)";
				TEST_HOST = "$(BUILT_PRODUCTS_DIR)/IOSProficiency.app/IOSProficiency";
			};
			name = Debug;
		};
		14F38EDC1A5BC80B00562A21 /* Release */ = {
			isa = XCBuildConfiguration;
			buildSettings = {
				BUNDLE_LOADER = "$(TEST_HOST)";
				FRAMEWORK_SEARCH_PATHS = (
					"$(SDKROOT)/Developer/Library/Frameworks",
					"$(inherited)",
				);
				INFOPLIST_FILE = IOSProficiencyTests/Info.plist;
				LD_RUNPATH_SEARCH_PATHS = "$(inherited) @executable_path/Frameworks @loader_path/Frameworks";
				PRODUCT_NAME = "$(TARGET_NAME)";
				TEST_HOST = "$(BUILT_PRODUCTS_DIR)/IOSProficiency.app/IOSProficiency";
			};
			name = Release;
		};
/* End XCBuildConfiguration section */

/* Begin XCConfigurationList section */
		14F38EAF1A5BC80B00562A21 /* Build configuration list for PBXProject "IOSProficiency" */ = {
			isa = XCConfigurationList;
			buildConfigurations = (
				14F38ED51A5BC80B00562A21 /* Debug */,
				14F38ED61A5BC80B00562A21 /* Release */,
			);
			defaultConfigurationIsVisible = 0;
			defaultConfigurationName = Release;
		};
		14F38ED71A5BC80B00562A21 /* Build configuration list for PBXNativeTarget "IOSProficiency" */ = {
			isa = XCConfigurationList;
			buildConfigurations = (
				14F38ED81A5BC80B00562A21 /* Debug */,
				14F38ED91A5BC80B00562A21 /* Release */,
			);
			defaultConfigurationIsVisible = 0;
			defaultConfigurationName = Release;
		};
		14F38EDA1A5BC80B00562A21 /* Build configuration list for PBXNativeTarget "IOSProficiencyTests" */ = {
			isa = XCConfigurationList;
			buildConfigurations = (
				14F38EDB1A5BC80B00562A21 /* Debug */,
				14F38EDC1A5BC80B00562A21 /* Release */,
			);
			defaultConfigurationIsVisible = 0;
			defaultConfigurationName = Release;
		};
/* End XCConfigurationList section */
	};
	rootObject = 14F38EAC1A5BC80B00562A21 /* Project object */;
}
